
Microsoft Visual Studio Solution File, Format Version 12.00
# Visual Studio 15
VisualStudioVersion = 15.0.28307.572
MinimumVisualStudioVersion = 10.0.40219.1
Project("{FAE04EC0-301F-11D3-BF4B-00C04F79EFBC}") = "BottomsSup", "BottomsSup\BottomsSup.csproj", "{357C2AB2-BC3D-49D3-B2C6-7F330373BB71}"
EndProject
Global
	GlobalSection(SolutionConfigurationPlatforms) = preSolution
		Debug|Any CPU = Debug|Any CPU
		Release|Any CPU = Release|Any CPU
	EndGlobalSection
	GlobalSection(ProjectConfigurationPlatforms) = postSolution
		{357C2AB2-BC3D-49D3-B2C6-7F330373BB71}.Debug|Any CPU.ActiveCfg = Debug|Any CPU
		{357C2AB2-BC3D-49D3-B2C6-7F330373BB71}.Debug|Any CPU.Build.0 = Debug|Any CPU
		{357C2AB2-BC3D-49D3-B2C6-7F330373BB71}.Release|Any CPU.ActiveCfg = Release|Any CPU
		{357C2AB2-BC3D-49D3-B2C6-7F330373BB71}.Release|Any CPU.Build.0 = Release|Any CPU
	EndGlobalSection
	GlobalSection(SolutionProperties) = preSolution
		HideSolutionNode = FALSE
	EndGlobalSection
	GlobalSection(ExtensibilityGlobals) = postSolution
		SolutionGuid = {611C13BB-98CF-407E-8CDB-8EF3BF06F92C}
	EndGlobalSection
EndGlobal
